
Microsoft Visual Studio Solution File, Format Version 12.00
# Visual Studio Version 17
VisualStudioVersion = 17.14.36327.8 d17.14
MinimumVisualStudioVersion = 10.0.40219.1
Project("{FAE04EC0-301F-11D3-BF4B-00C04F79EFBC}") = "GradeCalculator", "GradeCalculator.csproj", "{E944F8ED-914B-4659-A301-1104BF01E38B}"
EndProject
Global
	GlobalSection(SolutionConfigurationPlatforms) = preSolution
		Debug|Any CPU = Debug|Any CPU
		Release|Any CPU = Release|Any CPU
	EndGlobalSection
	GlobalSection(ProjectConfigurationPlatforms) = postSolution
		{E944F8ED-914B-4659-A301-1104BF01E38B}.Debug|Any CPU.ActiveCfg = Debug|Any CPU
		{E944F8ED-914B-4659-A301-1104BF01E38B}.Debug|Any CPU.Build.0 = Debug|Any CPU
		{E944F8ED-914B-4659-A301-1104BF01E38B}.Release|Any CPU.ActiveCfg = Release|Any CPU
		{E944F8ED-914B-4659-A301-1104BF01E38B}.Release|Any CPU.Build.0 = Release|Any CPU
	EndGlobalSection
	GlobalSection(SolutionProperties) = preSolution
		HideSolutionNode = FALSE
	EndGlobalSection
	GlobalSection(ExtensibilityGlobals) = postSolution
		SolutionGuid = {7A6A07DD-48CD-4EC0-A73C-82A4B867D95A}
	EndGlobalSection
EndGlobal
